// !$*UTF8*$!
{
	archiveVersion = 1;
	classes = {
	};
	objectVersion = 56;
	objects = {

/* Begin PBXBuildFile section */
		A1B2C3D400000001 /* CozyKittiesApp.swift in Sources */ = {isa = PBXBuildFile; fileRef = A1B2C3D400000011 /* CozyKittiesApp.swift */; };
		A1B2C3D400000002 /* ContentView.swift in Sources */ = {isa = PBXBuildFile; fileRef = A1B2C3D400000012 /* ContentView.swift */; };
		A1B2C3D400000003 /* Assets.xcassets in Resources */ = {isa = PBXBuildFile; fileRef = A1B2C3D400000013 /* Assets.xcassets */; };
		B1000001 /* DesignTokens.swift in Sources */ = {isa = PBXBuildFile; fileRef = B1000011 /* DesignTokens.swift */; };
		B1000002 /* GameState.swift in Sources */ = {isa = PBXBuildFile; fileRef = B1000012 /* GameState.swift */; };
		B1000003 /* Plant.swift in Sources */ = {isa = PBXBuildFile; fileRef = B1000013 /* Plant.swift */; };
		B1000004 /* WeatherState.swift in Sources */ = {isa = PBXBuildFile; fileRef = B1000014 /* WeatherState.swift */; };
		B1000005 /* CatDefinition.swift in Sources */ = {isa = PBXBuildFile; fileRef = B1000015 /* CatDefinition.swift */; };
		B1000006 /* HealthKitServiceProtocol.swift in Sources */ = {isa = PBXBuildFile; fileRef = B1000016 /* HealthKitServiceProtocol.swift */; };
		B1000007 /* HealthKitService.swift in Sources */ = {isa = PBXBuildFile; fileRef = B1000017 /* HealthKitService.swift */; };
		B1000008 /* GameStateService.swift in Sources */ = {isa = PBXBuildFile; fileRef = B1000018 /* GameStateService.swift */; };
		B1000009 /* AudioService.swift in Sources */ = {isa = PBXBuildFile; fileRef = B1000019 /* AudioService.swift */; };
		C1000001 /* ApartmentView.swift in Sources */ = {isa = PBXBuildFile; fileRef = C1000011 /* ApartmentView.swift */; };
		C1000002 /* CatView.swift in Sources */ = {isa = PBXBuildFile; fileRef = C1000012 /* CatView.swift */; };
		C1000003 /* PlantView.swift in Sources */ = {isa = PBXBuildFile; fileRef = C1000013 /* PlantView.swift */; };
		C1000004 /* WindowView.swift in Sources */ = {isa = PBXBuildFile; fileRef = C1000014 /* WindowView.swift */; };
		C1000005 /* CatCollectionView.swift in Sources */ = {isa = PBXBuildFile; fileRef = C1000015 /* CatCollectionView.swift */; };
		C1000006 /* ProgressDashboardView.swift in Sources */ = {isa = PBXBuildFile; fileRef = C1000016 /* ProgressDashboardView.swift */; };
		C1000007 /* OnboardingView.swift in Sources */ = {isa = PBXBuildFile; fileRef = C1000017 /* OnboardingView.swift */; };
		C1000008 /* SettingsView.swift in Sources */ = {isa = PBXBuildFile; fileRef = C1000018 /* SettingsView.swift */; };
/* End PBXBuildFile section */

/* Begin PBXFileReference section */
		A1B2C3D400000010 /* CozyKitties.app */ = {isa = PBXFileReference; explicitFileType = wrapper.application; includeInIndex = 0; path = CozyKitties.app; sourceTree = BUILT_PRODUCTS_DIR; };
		A1B2C3D400000011 /* CozyKittiesApp.swift */ = {isa = PBXFileReference; lastKnownFileType = sourcecode.swift; path = CozyKittiesApp.swift; sourceTree = "<group>"; };
		A1B2C3D400000012 /* ContentView.swift */ = {isa = PBXFileReference; lastKnownFileType = sourcecode.swift; path = ContentView.swift; sourceTree = "<group>"; };
		A1B2C3D400000013 /* Assets.xcassets */ = {isa = PBXFileReference; lastKnownFileType = folder.assetcatalog; path = Assets.xcassets; sourceTree = "<group>"; };
		A1B2C3D400000014 /* CozyKitties.entitlements */ = {isa = PBXFileReference; lastKnownFileType = text.plist.entitlements; path = CozyKitties.entitlements; sourceTree = "<group>"; };
		A1B2C3D400000015 /* Info.plist */ = {isa = PBXFileReference; lastKnownFileType = text.plist.xml; path = Info.plist; sourceTree = "<group>"; };
		B1000011 /* DesignTokens.swift */ = {isa = PBXFileReference; lastKnownFileType = sourcecode.swift; path = DesignTokens.swift; sourceTree = "<group>"; };
		B1000012 /* GameState.swift */ = {isa = PBXFileReference; lastKnownFileType = sourcecode.swift; path = GameState.swift; sourceTree = "<group>"; };
		B1000013 /* Plant.swift */ = {isa = PBXFileReference; lastKnownFileType = sourcecode.swift; path = Plant.swift; sourceTree = "<group>"; };
		B1000014 /* WeatherState.swift */ = {isa = PBXFileReference; lastKnownFileType = sourcecode.swift; path = WeatherState.swift; sourceTree = "<group>"; };
		B1000015 /* CatDefinition.swift */ = {isa = PBXFileReference; lastKnownFileType = sourcecode.swift; path = CatDefinition.swift; sourceTree = "<group>"; };
		B1000016 /* HealthKitServiceProtocol.swift */ = {isa = PBXFileReference; lastKnownFileType = sourcecode.swift; path = HealthKitServiceProtocol.swift; sourceTree = "<group>"; };
		B1000017 /* HealthKitService.swift */ = {isa = PBXFileReference; lastKnownFileType = sourcecode.swift; path = HealthKitService.swift; sourceTree = "<group>"; };
		B1000018 /* GameStateService.swift */ = {isa = PBXFileReference; lastKnownFileType = sourcecode.swift; path = GameStateService.swift; sourceTree = "<group>"; };
		B1000019 /* AudioService.swift */ = {isa = PBXFileReference; lastKnownFileType = sourcecode.swift; path = AudioService.swift; sourceTree = "<group>"; };
		C1000011 /* ApartmentView.swift */ = {isa = PBXFileReference; lastKnownFileType = sourcecode.swift; path = ApartmentView.swift; sourceTree = "<group>"; };
		C1000012 /* CatView.swift */ = {isa = PBXFileReference; lastKnownFileType = sourcecode.swift; path = CatView.swift; sourceTree = "<group>"; };
		C1000013 /* PlantView.swift */ = {isa = PBXFileReference; lastKnownFileType = sourcecode.swift; path = PlantView.swift; sourceTree = "<group>"; };
		C1000014 /* WindowView.swift */ = {isa = PBXFileReference; lastKnownFileType = sourcecode.swift; path = WindowView.swift; sourceTree = "<group>"; };
		C1000015 /* CatCollectionView.swift */ = {isa = PBXFileReference; lastKnownFileType = sourcecode.swift; path = CatCollectionView.swift; sourceTree = "<group>"; };
		C1000016 /* ProgressDashboardView.swift */ = {isa = PBXFileReference; lastKnownFileType = sourcecode.swift; path = ProgressDashboardView.swift; sourceTree = "<group>"; };
		C1000017 /* OnboardingView.swift */ = {isa = PBXFileReference; lastKnownFileType = sourcecode.swift; path = OnboardingView.swift; sourceTree = "<group>"; };
		C1000018 /* SettingsView.swift */ = {isa = PBXFileReference; lastKnownFileType = sourcecode.swift; path = SettingsView.swift; sourceTree = "<group>"; };
/* End PBXFileReference section */

/* Begin PBXFrameworksBuildPhase section */
		A1B2C3D400000020 /* Frameworks */ = {
			isa = PBXFrameworksBuildPhase;
			buildActionMask = 2147483647;
			files = (
			);
			runOnlyForDeploymentPostprocessing = 0;
		};
/* End PBXFrameworksBuildPhase section */

/* Begin PBXGroup section */
		A1B2C3D400000030 = {
			isa = PBXGroup;
			children = (
				A1B2C3D400000031 /* CozyKitties */,
				A1B2C3D400000032 /* Products */,
			);
			sourceTree = "<group>";
		};
		A1B2C3D400000031 /* CozyKitties */ = {
			isa = PBXGroup;
			children = (
				A1B2C3D400000011 /* CozyKittiesApp.swift */,
				A1B2C3D400000012 /* ContentView.swift */,
				B1000020 /* Design */,
				B1000021 /* Models */,
				B1000022 /* Services */,
				C1000020 /* Views */,
				A1B2C3D400000013 /* Assets.xcassets */,
				A1B2C3D400000014 /* CozyKitties.entitlements */,
				A1B2C3D400000015 /* Info.plist */,
			);
			path = CozyKitties;
			sourceTree = "<group>";
		};
		A1B2C3D400000032 /* Products */ = {
			isa = PBXGroup;
			children = (
				A1B2C3D400000010 /* CozyKitties.app */,
			);
			name = Products;
			sourceTree = "<group>";
		};
		B1000020 /* Design */ = {
			isa = PBXGroup;
			children = (
				B1000011 /* DesignTokens.swift */,
			);
			path = Design;
			sourceTree = "<group>";
		};
		B1000021 /* Models */ = {
			isa = PBXGroup;
			children = (
				B1000012 /* GameState.swift */,
				B1000013 /* Plant.swift */,
				B1000014 /* WeatherState.swift */,
				B1000015 /* CatDefinition.swift */,
			);
			path = Models;
			sourceTree = "<group>";
		};
		B1000022 /* Services */ = {
			isa = PBXGroup;
			children = (
				B1000016 /* HealthKitServiceProtocol.swift */,
				B1000017 /* HealthKitService.swift */,
				B1000018 /* GameStateService.swift */,
				B1000019 /* AudioService.swift */,
			);
			path = Services;
			sourceTree = "<group>";
		};
		C1000020 /* Views */ = {
			isa = PBXGroup;
			children = (
				C1000021 /* Apartment */,
				C1000022 /* Collection */,
				C1000023 /* Progress */,
				C1000024 /* Onboarding */,
				C1000025 /* Settings */,
			);
			path = Views;
			sourceTree = "<group>";
		};
		C1000021 /* Apartment */ = {
			isa = PBXGroup;
			children = (
				C1000011 /* ApartmentView.swift */,
				C1000012 /* CatView.swift */,
				C1000013 /* PlantView.swift */,
				C1000014 /* WindowView.swift */,
			);
			path = Apartment;
			sourceTree = "<group>";
		};
		C1000022 /* Collection */ = {
			isa = PBXGroup;
			children = (
				C1000015 /* CatCollectionView.swift */,
			);
			path = Collection;
			sourceTree = "<group>";
		};
		C1000023 /* Progress */ = {
			isa = PBXGroup;
			children = (
				C1000016 /* ProgressDashboardView.swift */,
			);
			path = Progress;
			sourceTree = "<group>";
		};
		C1000024 /* Onboarding */ = {
			isa = PBXGroup;
			children = (
				C1000017 /* OnboardingView.swift */,
			);
			path = Onboarding;
			sourceTree = "<group>";
		};
		C1000025 /* Settings */ = {
			isa = PBXGroup;
			children = (
				C1000018 /* SettingsView.swift */,
			);
			path = Settings;
			sourceTree = "<group>";
		};
/* End PBXGroup section */

/* Begin PBXNativeTarget section */
		A1B2C3D400000040 /* CozyKitties */ = {
			isa = PBXNativeTarget;
			buildConfigurationList = A1B2C3D400000060 /* Build configuration list for PBXNativeTarget "CozyKitties" */;
			buildPhases = (
				A1B2C3D400000041 /* Sources */,
				A1B2C3D400000020 /* Frameworks */,
				A1B2C3D400000042 /* Resources */,
			);
			buildRules = (
			);
			dependencies = (
			);
			name = CozyKitties;
			productName = CozyKitties;
			productReference = A1B2C3D400000010 /* CozyKitties.app */;
			productType = "com.apple.product-type.application";
		};
/* End PBXNativeTarget section */

/* Begin PBXProject section */
		A1B2C3D400000050 /* Project object */ = {
			isa = PBXProject;
			attributes = {
				BuildIndependentTargetsInParallel = 1;
				LastSwiftUpdateCheck = 1500;
				LastUpgradeCheck = 1500;
				TargetAttributes = {
					A1B2C3D400000040 = {
						CreatedOnToolsVersion = 15.0;
					};
				};
			};
			buildConfigurationList = A1B2C3D400000051 /* Build configuration list for PBXProject "CozyKitties" */;
			compatibilityVersion = "Xcode 14.0";
			developmentRegion = en;
			hasScannedForEncodings = 0;
			knownRegions = (
				en,
				Base,
			);
			mainGroup = A1B2C3D400000030;
			productRefGroup = A1B2C3D400000032 /* Products */;
			projectDirPath = "";
			projectRoot = "";
			targets = (
				A1B2C3D400000040 /* CozyKitties */,
			);
		};
/* End PBXProject section */

/* Begin PBXResourcesBuildPhase section */
		A1B2C3D400000042 /* Resources */ = {
			isa = PBXResourcesBuildPhase;
			buildActionMask = 2147483647;
			files = (
				A1B2C3D400000003 /* Assets.xcassets in Resources */,
			);
			runOnlyForDeploymentPostprocessing = 0;
		};
/* End PBXResourcesBuildPhase section */

/* Begin PBXSourcesBuildPhase section */
		A1B2C3D400000041 /* Sources */ = {
			isa = PBXSourcesBuildPhase;
			buildActionMask = 2147483647;
			files = (
				A1B2C3D400000001 /* CozyKittiesApp.swift in Sources */,
				A1B2C3D400000002 /* ContentView.swift in Sources */,
				B1000001 /* DesignTokens.swift in Sources */,
				B1000002 /* GameState.swift in Sources */,
				B1000003 /* Plant.swift in Sources */,
				B1000004 /* WeatherState.swift in Sources */,
				B1000005 /* CatDefinition.swift in Sources */,
				B1000006 /* HealthKitServiceProtocol.swift in Sources */,
				B1000007 /* HealthKitService.swift in Sources */,
				B1000008 /* GameStateService.swift in Sources */,
				B1000009 /* AudioService.swift in Sources */,
				C1000001 /* ApartmentView.swift in Sources */,
				C1000002 /* CatView.swift in Sources */,
				C1000003 /* PlantView.swift in Sources */,
				C1000004 /* WindowView.swift in Sources */,
				C1000005 /* CatCollectionView.swift in Sources */,
				C1000006 /* ProgressDashboardView.swift in Sources */,
				C1000007 /* OnboardingView.swift in Sources */,
				C1000008 /* SettingsView.swift in Sources */,
			);
			runOnlyForDeploymentPostprocessing = 0;
		};
/* End PBXSourcesBuildPhase section */

/* Begin XCBuildConfiguration section */
		A1B2C3D400000052 /* Debug */ = {
			isa = XCBuildConfiguration;
			buildSettings = {
				ALWAYS_SEARCH_USER_PATHS = NO;
				ASSETCATALOG_COMPILER_GENERATE_SWIFT_ASSET_SYMBOL_EXTENSIONS = YES;
				CLANG_ANALYZER_NONNULL = YES;
				CLANG_ANALYZER_NUMBER_OBJECT_CONVERSION = YES_AGGRESSIVE;
				CLANG_CXX_LANGUAGE_STANDARD = "gnu++20";
				CLANG_ENABLE_MODULES = YES;
				CLANG_ENABLE_OBJC_ARC = YES;
				CLANG_ENABLE_OBJC_WEAK = YES;
				CLANG_WARN_BLOCK_CAPTURE_AUTORELEASING = YES;
				CLANG_WARN_BOOL_CONVERSION = YES;
				CLANG_WARN_COMMA = YES;
				CLANG_WARN_CONSTANT_CONVERSION = YES;
				CLANG_WARN_DEPRECATED_OBJC_IMPLEMENTATIONS = YES;
				CLANG_WARN_DIRECT_OBJC_ISA_USAGE = YES_ERROR;
				CLANG_WARN_DOCUMENTATION_COMMENTS = YES;
				CLANG_WARN_EMPTY_BODY = YES;
				CLANG_WARN_ENUM_CONVERSION = YES;
				CLANG_WARN_INFINITE_RECURSION = YES;
				CLANG_WARN_INT_CONVERSION = YES;
				CLANG_WARN_NON_LITERAL_NULL_CONVERSION = YES;
				CLANG_WARN_OBJC_IMPLICIT_RETAIN_SELF = YES;
				CLANG_WARN_OBJC_LITERAL_CONVERSION = YES;
				CLANG_WARN_OBJC_ROOT_CLASS = YES_ERROR;
				CLANG_WARN_QUOTED_INCLUDE_IN_FRAMEWORK_HEADER = YES;
				CLANG_WARN_RANGE_LOOP_ANALYSIS = YES;
				CLANG_WARN_STRICT_PROTOTYPES = YES;
				CLANG_WARN_SUSPICIOUS_MOVE = YES;
				CLANG_WARN_UNGUARDED_AVAILABILITY = YES_AGGRESSIVE;
				CLANG_WARN_UNREACHABLE_CODE = YES;
				CLANG_WARN__DUPLICATE_METHOD_MATCH = YES;
				COPY_PHASE_STRIP = NO;
				DEBUG_INFORMATION_FORMAT = dwarf;
				ENABLE_STRICT_OBJC_MSGSEND = YES;
				ENABLE_TESTABILITY = YES;
				ENABLE_USER_SCRIPT_SANDBOXING = YES;
				GCC_C_LANGUAGE_STANDARD = gnu17;
				GCC_DYNAMIC_NO_PIC = NO;
				GCC_NO_COMMON_BLOCKS = YES;
				GCC_OPTIMIZATION_LEVEL = 0;
				GCC_PREPROCESSOR_DEFINITIONS = (
					"DEBUG=1",
					"$(inherited)",
				);
				GCC_WARN_64_TO_32_BIT_CONVERSION = YES;
				GCC_WARN_ABOUT_RETURN_TYPE = YES_ERROR;
				GCC_WARN_UNDECLARED_SELECTOR = YES;
				GCC_WARN_UNINITIALIZED_AUTOS = YES_AGGRESSIVE;
				GCC_WARN_UNUSED_FUNCTION = YES;
				GCC_WARN_UNUSED_VARIABLE = YES;
				IPHONEOS_DEPLOYMENT_TARGET = 18.0;
				LOCALIZATION_PREFERS_STRING_CATALOGS = YES;
				MTL_ENABLE_DEBUG_INFO = INCLUDE_SOURCE;
				MTL_FAST_MATH = YES;
				ONLY_ACTIVE_ARCH = YES;
				SDKROOT = iphoneos;
				SWIFT_ACTIVE_COMPILATION_CONDITIONS = "DEBUG $(inherited)";
				SWIFT_OPTIMIZATION_LEVEL = "-Onone";
			};
			name = Debug;
		};
		A1B2C3D400000053 /* Release */ = {
			isa = XCBuildConfiguration;
			buildSettings = {
				ALWAYS_SEARCH_USER_PATHS = NO;
				ASSETCATALOG_COMPILER_GENERATE_SWIFT_ASSET_SYMBOL_EXTENSIONS = YES;
				CLANG_ANALYZER_NONNULL = YES;
				CLANG_ANALYZER_NUMBER_OBJECT_CONVERSION = YES_AGGRESSIVE;
				CLANG_CXX_LANGUAGE_STANDARD = "gnu++20";
				CLANG_ENABLE_MODULES = YES;
				CLANG_ENABLE_OBJC_ARC = YES;
				CLANG_ENABLE_OBJC_WEAK = YES;
				CLANG_WARN_BLOCK_CAPTURE_AUTORELEASING = YES;
				CLANG_WARN_BOOL_CONVERSION = YES;
				CLANG_WARN_COMMA = YES;
				CLANG_WARN_CONSTANT_CONVERSION = YES;
				CLANG_WARN_DEPRECATED_OBJC_IMPLEMENTATIONS = YES;
				CLANG_WARN_DIRECT_OBJC_ISA_USAGE = YES_ERROR;
				CLANG_WARN_DOCUMENTATION_COMMENTS = YES;
				CLANG_WARN_EMPTY_BODY = YES;
				CLANG_WARN_ENUM_CONVERSION = YES;
				CLANG_WARN_INFINITE_RECURSION = YES;
				CLANG_WARN_INT_CONVERSION = YES;
				CLANG_WARN_NON_LITERAL_NULL_CONVERSION = YES;
				CLANG_WARN_OBJC_IMPLICIT_RETAIN_SELF = YES;
				CLANG_WARN_OBJC_LITERAL_CONVERSION = YES;
				CLANG_WARN_OBJC_ROOT_CLASS = YES_ERROR;
				CLANG_WARN_QUOTED_INCLUDE_IN_FRAMEWORK_HEADER = YES;
				CLANG_WARN_RANGE_LOOP_ANALYSIS = YES;
				CLANG_WARN_STRICT_PROTOTYPES = YES;
				CLANG_WARN_SUSPICIOUS_MOVE = YES;
				CLANG_WARN_UNGUARDED_AVAILABILITY = YES_AGGRESSIVE;
				CLANG_WARN_UNREACHABLE_CODE = YES;
				CLANG_WARN__DUPLICATE_METHOD_MATCH = YES;
				COPY_PHASE_STRIP = NO;
				DEBUG_INFORMATION_FORMAT = "dwarf-with-dsym";
				ENABLE_NS_ASSERTIONS = NO;
				ENABLE_STRICT_OBJC_MSGSEND = YES;
				ENABLE_USER_SCRIPT_SANDBOXING = YES;
				GCC_C_LANGUAGE_STANDARD = gnu17;
				GCC_NO_COMMON_BLOCKS = YES;
				GCC_WARN_64_TO_32_BIT_CONVERSION = YES;
				GCC_WARN_ABOUT_RETURN_TYPE = YES_ERROR;
				GCC_WARN_UNDECLARED_SELECTOR = YES;
				GCC_WARN_UNINITIALIZED_AUTOS = YES_AGGRESSIVE;
				GCC_WARN_UNUSED_FUNCTION = YES;
				GCC_WARN_UNUSED_VARIABLE = YES;
				IPHONEOS_DEPLOYMENT_TARGET = 18.0;
				LOCALIZATION_PREFERS_STRING_CATALOGS = YES;
				MTL_ENABLE_DEBUG_INFO = NO;
				MTL_FAST_MATH = YES;
				SDKROOT = iphoneos;
				SWIFT_COMPILATION_MODE = wholemodule;
				VALIDATE_PRODUCT = YES;
			};
			name = Release;
		};
		A1B2C3D400000061 /* Debug */ = {
			isa = XCBuildConfiguration;
			buildSettings = {
				ASSETCATALOG_COMPILER_APPICON_NAME = AppIcon;
				ASSETCATALOG_COMPILER_GLOBAL_ACCENT_COLOR_NAME = AccentColor;
				CODE_SIGN_ENTITLEMENTS = CozyKitties/CozyKitties.entitlements;
				CODE_SIGN_STYLE = Automatic;
				CURRENT_PROJECT_VERSION = 1;
				DEVELOPMENT_TEAM = "";
				ENABLE_PREVIEWS = YES;
				GENERATE_INFOPLIST_FILE = YES;
				INFOPLIST_FILE = CozyKitties/Info.plist;
				INFOPLIST_KEY_UIApplicationSceneManifest_Generation = YES;
				INFOPLIST_KEY_UIApplicationSupportsIndirectInputEvents = YES;
				INFOPLIST_KEY_UILaunchScreen_Generation = YES;
				INFOPLIST_KEY_UISupportedInterfaceOrientations_iPad = "UIInterfaceOrientationPortrait UIInterfaceOrientationPortraitUpsideDown UIInterfaceOrientationLandscapeLeft UIInterfaceOrientationLandscapeRight";
				INFOPLIST_KEY_UISupportedInterfaceOrientations_iPhone = "UIInterfaceOrientationPortrait UIInterfaceOrientationLandscapeLeft UIInterfaceOrientationLandscapeRight";
				LD_RUNPATH_SEARCH_PATHS = (
					"$(inherited)",
					"@executable_path/Frameworks",
				);
				MARKETING_VERSION = 1.0;
				PRODUCT_BUNDLE_IDENTIFIER = com.kathrynstyons.cozykitties;
				PRODUCT_NAME = "$(TARGET_NAME)";
				SWIFT_EMIT_LOC_STRINGS = YES;
				SWIFT_VERSION = 5.0;
				TARGETED_DEVICE_FAMILY = "1,2";
			};
			name = Debug;
		};
		A1B2C3D400000062 /* Release */ = {
			isa = XCBuildConfiguration;
			buildSettings = {
				ASSETCATALOG_COMPILER_APPICON_NAME = AppIcon;
				ASSETCATALOG_COMPILER_GLOBAL_ACCENT_COLOR_NAME = AccentColor;
				CODE_SIGN_ENTITLEMENTS = CozyKitties/CozyKitties.entitlements;
				CODE_SIGN_STYLE = Automatic;
				CURRENT_PROJECT_VERSION = 1;
				DEVELOPMENT_TEAM = "";
				ENABLE_PREVIEWS = YES;
				GENERATE_INFOPLIST_FILE = YES;
				INFOPLIST_FILE = CozyKitties/Info.plist;
				INFOPLIST_KEY_UIApplicationSceneManifest_Generation = YES;
				INFOPLIST_KEY_UIApplicationSupportsIndirectInputEvents = YES;
				INFOPLIST_KEY_UILaunchScreen_Generation = YES;
				INFOPLIST_KEY_UISupportedInterfaceOrientations_iPad = "UIInterfaceOrientationPortrait UIInterfaceOrientationPortraitUpsideDown UIInterfaceOrientationLandscapeLeft UIInterfaceOrientationLandscapeRight";
				INFOPLIST_KEY_UISupportedInterfaceOrientations_iPhone = "UIInterfaceOrientationPortrait UIInterfaceOrientationLandscapeLeft UIInterfaceOrientationLandscapeRight";
				LD_RUNPATH_SEARCH_PATHS = (
					"$(inherited)",
					"@executable_path/Frameworks",
				);
				MARKETING_VERSION = 1.0;
				PRODUCT_BUNDLE_IDENTIFIER = com.kathrynstyons.cozykitties;
				PRODUCT_NAME = "$(TARGET_NAME)";
				SWIFT_EMIT_LOC_STRINGS = YES;
				SWIFT_VERSION = 5.0;
				TARGETED_DEVICE_FAMILY = "1,2";
			};
			name = Release;
		};
/* End XCBuildConfiguration section */

/* Begin XCConfigurationList section */
		A1B2C3D400000051 /* Build configuration list for PBXProject "CozyKitties" */ = {
			isa = XCConfigurationList;
			buildConfigurations = (
				A1B2C3D400000052 /* Debug */,
				A1B2C3D400000053 /* Release */,
			);
			defaultConfigurationIsVisible = 0;
			defaultConfigurationName = Release;
		};
		A1B2C3D400000060 /* Build configuration list for PBXNativeTarget "CozyKitties" */ = {
			isa = XCConfigurationList;
			buildConfigurations = (
				A1B2C3D400000061 /* Debug */,
				A1B2C3D400000062 /* Release */,
			);
			defaultConfigurationIsVisible = 0;
			defaultConfigurationName = Release;
		};
/* End XCConfigurationList section */
	};
	rootObject = A1B2C3D400000050 /* Project object */;
}
