// !$*UTF8*$!
{
	archiveVersion = 1;
	classes = {
	};
	objectVersion = 56;
	objects = {

/* Begin PBXBuildFile section */
		02C40E6B37ED13260127074D /* Black-Crouch.png in Resources */ = {isa = PBXBuildFile; fileRef = 531B03861925318E62F78790 /* Black-Crouch.png */; };
		0F96A2B1D49D09AB8B869A38 /* CozyKitties/Resources/Sprites/Cats/TuxedoCat/Tuxedo-Pounce.png in Resources */ = {isa = PBXBuildFile; fileRef = C8B8F6E5B040D513ABAA8EB6 /* CozyKitties/Resources/Sprites/Cats/TuxedoCat/Tuxedo-Pounce.png */; };
		139C030CDD7ACD95456942C4 /* Black-Sleep.png in Resources */ = {isa = PBXBuildFile; fileRef = 43C9BF0D391EF7A09CE2D98D /* Black-Sleep.png */; };
		1696DA369100217E7AAAC826 /* CozyKitties/Resources/Sprites/Cats/OrangeTabby/OrangeTabby-Idle.png in Resources */ = {isa = PBXBuildFile; fileRef = 03FF3E8D10B1BCE904BFD572 /* CozyKitties/Resources/Sprites/Cats/OrangeTabby/OrangeTabby-Idle.png */; };
		277D80D016081BC42C61F981 /* CozyKitties/Resources/Sprites/Cats/SiameseCat/Siamese-Pounce.png in Resources */ = {isa = PBXBuildFile; fileRef = 7110138B0866DB9507E5A93C /* CozyKitties/Resources/Sprites/Cats/SiameseCat/Siamese-Pounce.png */; };
		2919B164DBA3D85DEEE05222 /* CozyKitties/Resources/Sprites/Cats/WhiteCat/White-Pounce.png in Resources */ = {isa = PBXBuildFile; fileRef = 767977ABA7ECB2F97430B519 /* CozyKitties/Resources/Sprites/Cats/WhiteCat/White-Pounce.png */; };
		39A1804C60585CCD7CEDA0A1 /* CozyKitties/Resources/Sprites/Cats/CalicoCat/Calico-Pounce.png in Resources */ = {isa = PBXBuildFile; fileRef = 12AAF1B2136A336AD579141D /* CozyKitties/Resources/Sprites/Cats/CalicoCat/Calico-Pounce.png */; };
		406B5623120D83F0C7D49D8F /* CozyKitties/Resources/Sprites/Cats/BrownCat/Brown-Sit.png in Resources */ = {isa = PBXBuildFile; fileRef = 964A6AD01D208AC5CCB46B41 /* CozyKitties/Resources/Sprites/Cats/BrownCat/Brown-Sit.png */; };
		46661D68EF9D41E0F09589B2 /* background.png in Resources */ = {isa = PBXBuildFile; fileRef = 681E000ADD3D031D58B96AD7 /* background.png */; };
		4B2ED2F4BD56B502E27DED6A /* Black-Run.png in Resources */ = {isa = PBXBuildFile; fileRef = 382DA79003B8D71076BC2E6C /* Black-Run.png */; };
		5B38CB23FF94DB5BB088339B /* CozyKitties/Resources/Sprites/Cats/WhiteCat/White-Idle.png in Resources */ = {isa = PBXBuildFile; fileRef = D8FB8F79B010BB37592042B5 /* CozyKitties/Resources/Sprites/Cats/WhiteCat/White-Idle.png */; };
		6F5DF4E7441473B214936780 /* CozyKitties/Resources/Sprites/Cats/SiameseCat/Siamese-Idle.png in Resources */ = {isa = PBXBuildFile; fileRef = 2B4F4653980959354E25D571 /* CozyKitties/Resources/Sprites/Cats/SiameseCat/Siamese-Idle.png */; };
		74E9E49A2F18612C5DC1468B /* CozyKitties/Resources/Sprites/Cats/CalicoCat/Calico-Idle.png in Resources */ = {isa = PBXBuildFile; fileRef = 25A7CD4484BC05230CA84155 /* CozyKitties/Resources/Sprites/Cats/CalicoCat/Calico-Idle.png */; };
		76763738DCF59D3D4CD887D7 /* CozyKitties/Resources/Sprites/Cats/BrownCat/Brown-Idle.png in Resources */ = {isa = PBXBuildFile; fileRef = AA259501C20400AF551EC2F4 /* CozyKitties/Resources/Sprites/Cats/BrownCat/Brown-Idle.png */; };
		774AE11D88A65420775F608B /* Black-Hurt.png in Resources */ = {isa = PBXBuildFile; fileRef = 45AB20D983876FFBDD20562A /* Black-Hurt.png */; };
		83D031003EF85D22AE0CE642 /* CozyKitties/Resources/Sprites/Cats/WhiteCat/White-Sit.png in Resources */ = {isa = PBXBuildFile; fileRef = 86C4D7A77C340FC1462CA752 /* CozyKitties/Resources/Sprites/Cats/WhiteCat/White-Sit.png */; };
		8C09F6053E66F21ADFBAF6BC /* CozyKitties/Resources/Sprites/Cats/TuxedoCat/Tuxedo-Sit.png in Resources */ = {isa = PBXBuildFile; fileRef = CF971D345DE29D6105A9F334 /* CozyKitties/Resources/Sprites/Cats/TuxedoCat/Tuxedo-Sit.png */; };
		8DD24272C4025128CA868324 /* Black-Pounce.png in Resources */ = {isa = PBXBuildFile; fileRef = B48E4C71FF390DAA48B60A9A /* Black-Pounce.png */; };
		95F060EEADD93706A06DF97A /* CozyKitties/Resources/Sprites/Cats/SiameseCat/Siamese-Sit.png in Resources */ = {isa = PBXBuildFile; fileRef = 8B6B588FF4217517980C1125 /* CozyKitties/Resources/Sprites/Cats/SiameseCat/Siamese-Sit.png */; };
		9F20210C81A169281D84705D /* CatUnlockCelebration.swift in Sources */ = {isa = PBXBuildFile; fileRef = D353A916E4573503C43C3269 /* CatUnlockCelebration.swift */; };
		A1B2C3D400000001 /* CozyKittiesApp.swift in Sources */ = {isa = PBXBuildFile; fileRef = A1B2C3D400000011 /* CozyKittiesApp.swift */; };
		A1B2C3D400000002 /* ContentView.swift in Sources */ = {isa = PBXBuildFile; fileRef = A1B2C3D400000012 /* ContentView.swift */; };
		A1B2C3D400000003 /* Assets.xcassets in Resources */ = {isa = PBXBuildFile; fileRef = A1B2C3D400000013 /* Assets.xcassets */; };
		A1B69A67D55FE14B2530FE16 /* Black-Sit.png in Resources */ = {isa = PBXBuildFile; fileRef = 598454246A8EDE6CC32F9409 /* Black-Sit.png */; };
		ABFAB330682D966CCDE8C80D /* Black-Eat.png in Resources */ = {isa = PBXBuildFile; fileRef = 3DEC49C03A48F44CFC160C1B /* Black-Eat.png */; };
		B1000001 /* DesignTokens.swift in Sources */ = {isa = PBXBuildFile; fileRef = B1000011 /* DesignTokens.swift */; };
		B1000002 /* GameState.swift in Sources */ = {isa = PBXBuildFile; fileRef = B1000012 /* GameState.swift */; };
		B1000003 /* Plant.swift in Sources */ = {isa = PBXBuildFile; fileRef = B1000013 /* Plant.swift */; };
		B1000004 /* WeatherState.swift in Sources */ = {isa = PBXBuildFile; fileRef = B1000014 /* WeatherState.swift */; };
		B1000005 /* CatDefinition.swift in Sources */ = {isa = PBXBuildFile; fileRef = B1000015 /* CatDefinition.swift */; };
		B1000006 /* HealthKitServiceProtocol.swift in Sources */ = {isa = PBXBuildFile; fileRef = B1000016 /* HealthKitServiceProtocol.swift */; };
		B1000007 /* HealthKitService.swift in Sources */ = {isa = PBXBuildFile; fileRef = B1000017 /* HealthKitService.swift */; };
		B1000008 /* GameStateService.swift in Sources */ = {isa = PBXBuildFile; fileRef = B1000018 /* GameStateService.swift */; };
		B1000009 /* AudioService.swift in Sources */ = {isa = PBXBuildFile; fileRef = B1000019 /* AudioService.swift */; };
		B100000A /* AssetRegistry.swift in Sources */ = {isa = PBXBuildFile; fileRef = B100001A /* AssetRegistry.swift */; };
		B7D93B8386294E5B4BBB554A /* backyard3.png in Resources */ = {isa = PBXBuildFile; fileRef = 8F99F5369805F3DFF6BBADD2 /* backyard3.png */; };
		BABCE5ED1E0C7CF889143C9B /* Black-Meow.png in Resources */ = {isa = PBXBuildFile; fileRef = 3D8ACBE449CEDF71320F9A0A /* Black-Meow.png */; };
		C1000001 /* ApartmentView.swift in Sources */ = {isa = PBXBuildFile; fileRef = C1000011 /* ApartmentView.swift */; };
		C1000002 /* CatView.swift in Sources */ = {isa = PBXBuildFile; fileRef = C1000012 /* CatView.swift */; };
		C1000003 /* PlantView.swift in Sources */ = {isa = PBXBuildFile; fileRef = C1000013 /* PlantView.swift */; };
		C1000004 /* WindowView.swift in Sources */ = {isa = PBXBuildFile; fileRef = C1000014 /* WindowView.swift */; };
		C1000005 /* CatCollectionView.swift in Sources */ = {isa = PBXBuildFile; fileRef = C1000015 /* CatCollectionView.swift */; };
		C1000006 /* ProgressDashboardView.swift in Sources */ = {isa = PBXBuildFile; fileRef = C1000016 /* ProgressDashboardView.swift */; };
		C1000007 /* OnboardingView.swift in Sources */ = {isa = PBXBuildFile; fileRef = C1000017 /* OnboardingView.swift */; };
		C1000008 /* SettingsView.swift in Sources */ = {isa = PBXBuildFile; fileRef = C1000018 /* SettingsView.swift */; };
		C606F0D3A69CC4C858BD864C /* CozyKitties/Resources/Sprites/Cats/OrangeTabby/OrangeTabby-Sit.png in Resources */ = {isa = PBXBuildFile; fileRef = B98335F37A00CA461199F533 /* CozyKitties/Resources/Sprites/Cats/OrangeTabby/OrangeTabby-Sit.png */; };
		C6408A20CA013303DF0372BA /* CozyKitties/Resources/Sprites/Cats/BrownCat/Brown-Pounce.png in Resources */ = {isa = PBXBuildFile; fileRef = 91BA8D219D128346847FEC39 /* CozyKitties/Resources/Sprites/Cats/BrownCat/Brown-Pounce.png */; };
		C6737D257D015FF1E087FB56 /* backyard-day.png in Resources */ = {isa = PBXBuildFile; fileRef = 1F3873EA7D5C609BCEC7843F /* backyard-day.png */; };
		C8AC613B675A167C6E5AB9CE /* CozyKitties/Resources/Sprites/Cats/TuxedoCat/Tuxedo-Idle.png in Resources */ = {isa = PBXBuildFile; fileRef = 350CABC1CBC998E073D2E9BD /* CozyKitties/Resources/Sprites/Cats/TuxedoCat/Tuxedo-Idle.png */; };
		D1000001 /* ASSETS.yaml in Resources */ = {isa = PBXBuildFile; fileRef = D1000011 /* ASSETS.yaml */; };
		D1000002 /* SCENE_SPEC.yaml in Resources */ = {isa = PBXBuildFile; fileRef = D1000012 /* SCENE_SPEC.yaml */; };
		D1000003 /* backyard.png in Resources */ = {isa = PBXBuildFile; fileRef = D1000013 /* backyard.png */; };
		DCB9764D41D810EBD3E997EA /* Black-Jump.png in Resources */ = {isa = PBXBuildFile; fileRef = 7D37A3AB2B9A973B5379F2D4 /* Black-Jump.png */; };
		DE54E7613F624D22671865E4 /* Black-Attack.png in Resources */ = {isa = PBXBuildFile; fileRef = 0A8BF85EB9EF87E809EA8178 /* Black-Attack.png */; };
		E68197B5E5984B3526014A58 /* CozyKitties/Resources/Sprites/Cats/CalicoCat/Calico-Sit.png in Resources */ = {isa = PBXBuildFile; fileRef = 958C69C339A93F6B94A0942C /* CozyKitties/Resources/Sprites/Cats/CalicoCat/Calico-Sit.png */; };
		EAC28520577836AADDFEEB69 /* backyard2.png in Resources */ = {isa = PBXBuildFile; fileRef = C388D66F183C59197F34BFE4 /* backyard2.png */; };
		EB67996E32C1DD4B0B080DD5 /* CozyKitties/Resources/Sprites/Cats/OrangeTabby/OrangeTabby-Pounce.png in Resources */ = {isa = PBXBuildFile; fileRef = 16DF6541EAB3303BDA154659 /* CozyKitties/Resources/Sprites/Cats/OrangeTabby/OrangeTabby-Pounce.png */; };
		EBB0BF5BBE324B98108051C3 /* backyard-night.png in Resources */ = {isa = PBXBuildFile; fileRef = 8D337D0CB9601AC7A816537A /* backyard-night.png */; };
		F32814DB58FA6FD9FDF65586 /* Black-Idle.png in Resources */ = {isa = PBXBuildFile; fileRef = C1042519F48BFCB1FA643437 /* Black-Idle.png */; };
		F9A27B5FF0C76774ABABF89E /* Black-Death.png in Resources */ = {isa = PBXBuildFile; fileRef = 7843F5C12137F1A8E32F31ED /* Black-Death.png */; };
/* End PBXBuildFile section */

/* Begin PBXFileReference section */
		03FF3E8D10B1BCE904BFD572 /* CozyKitties/Resources/Sprites/Cats/OrangeTabby/OrangeTabby-Idle.png */ = {isa = PBXFileReference; lastKnownFileType = image.png; path = "CozyKitties/Resources/Sprites/Cats/OrangeTabby/OrangeTabby-Idle.png"; sourceTree = SOURCE_ROOT; };
		0A8BF85EB9EF87E809EA8178 /* Black-Attack.png */ = {isa = PBXFileReference; includeInIndex = 1; lastKnownFileType = image.png; path = "Black-Attack.png"; sourceTree = "<group>"; };
		12AAF1B2136A336AD579141D /* CozyKitties/Resources/Sprites/Cats/CalicoCat/Calico-Pounce.png */ = {isa = PBXFileReference; lastKnownFileType = image.png; path = "CozyKitties/Resources/Sprites/Cats/CalicoCat/Calico-Pounce.png"; sourceTree = SOURCE_ROOT; };
		16DF6541EAB3303BDA154659 /* CozyKitties/Resources/Sprites/Cats/OrangeTabby/OrangeTabby-Pounce.png */ = {isa = PBXFileReference; lastKnownFileType = image.png; path = "CozyKitties/Resources/Sprites/Cats/OrangeTabby/OrangeTabby-Pounce.png"; sourceTree = SOURCE_ROOT; };
		1F3873EA7D5C609BCEC7843F /* backyard-day.png */ = {isa = PBXFileReference; includeInIndex = 1; lastKnownFileType = image.png; path = "backyard-day.png"; sourceTree = "<group>"; };
		25A7CD4484BC05230CA84155 /* CozyKitties/Resources/Sprites/Cats/CalicoCat/Calico-Idle.png */ = {isa = PBXFileReference; lastKnownFileType = image.png; path = "CozyKitties/Resources/Sprites/Cats/CalicoCat/Calico-Idle.png"; sourceTree = SOURCE_ROOT; };
		2B4F4653980959354E25D571 /* CozyKitties/Resources/Sprites/Cats/SiameseCat/Siamese-Idle.png */ = {isa = PBXFileReference; lastKnownFileType = image.png; path = "CozyKitties/Resources/Sprites/Cats/SiameseCat/Siamese-Idle.png"; sourceTree = SOURCE_ROOT; };
		350CABC1CBC998E073D2E9BD /* CozyKitties/Resources/Sprites/Cats/TuxedoCat/Tuxedo-Idle.png */ = {isa = PBXFileReference; lastKnownFileType = image.png; path = "CozyKitties/Resources/Sprites/Cats/TuxedoCat/Tuxedo-Idle.png"; sourceTree = SOURCE_ROOT; };
		382DA79003B8D71076BC2E6C /* Black-Run.png */ = {isa = PBXFileReference; includeInIndex = 1; lastKnownFileType = image.png; path = "Black-Run.png"; sourceTree = "<group>"; };
		3D8ACBE449CEDF71320F9A0A /* Black-Meow.png */ = {isa = PBXFileReference; includeInIndex = 1; lastKnownFileType = image.png; path = "Black-Meow.png"; sourceTree = "<group>"; };
		3DEC49C03A48F44CFC160C1B /* Black-Eat.png */ = {isa = PBXFileReference; includeInIndex = 1; lastKnownFileType = image.png; path = "Black-Eat.png"; sourceTree = "<group>"; };
		43C9BF0D391EF7A09CE2D98D /* Black-Sleep.png */ = {isa = PBXFileReference; includeInIndex = 1; lastKnownFileType = image.png; path = "Black-Sleep.png"; sourceTree = "<group>"; };
		45AB20D983876FFBDD20562A /* Black-Hurt.png */ = {isa = PBXFileReference; includeInIndex = 1; lastKnownFileType = image.png; path = "Black-Hurt.png"; sourceTree = "<group>"; };
		531B03861925318E62F78790 /* Black-Crouch.png */ = {isa = PBXFileReference; includeInIndex = 1; lastKnownFileType = image.png; path = "Black-Crouch.png"; sourceTree = "<group>"; };
		598454246A8EDE6CC32F9409 /* Black-Sit.png */ = {isa = PBXFileReference; includeInIndex = 1; lastKnownFileType = image.png; path = "Black-Sit.png"; sourceTree = "<group>"; };
		681E000ADD3D031D58B96AD7 /* background.png */ = {isa = PBXFileReference; includeInIndex = 1; lastKnownFileType = image.png; path = background.png; sourceTree = "<group>"; };
		7110138B0866DB9507E5A93C /* CozyKitties/Resources/Sprites/Cats/SiameseCat/Siamese-Pounce.png */ = {isa = PBXFileReference; lastKnownFileType = image.png; path = "CozyKitties/Resources/Sprites/Cats/SiameseCat/Siamese-Pounce.png"; sourceTree = SOURCE_ROOT; };
		767977ABA7ECB2F97430B519 /* CozyKitties/Resources/Sprites/Cats/WhiteCat/White-Pounce.png */ = {isa = PBXFileReference; lastKnownFileType = image.png; path = "CozyKitties/Resources/Sprites/Cats/WhiteCat/White-Pounce.png"; sourceTree = SOURCE_ROOT; };
		7843F5C12137F1A8E32F31ED /* Black-Death.png */ = {isa = PBXFileReference; includeInIndex = 1; lastKnownFileType = image.png; path = "Black-Death.png"; sourceTree = "<group>"; };
		7D37A3AB2B9A973B5379F2D4 /* Black-Jump.png */ = {isa = PBXFileReference; includeInIndex = 1; lastKnownFileType = image.png; path = "Black-Jump.png"; sourceTree = "<group>"; };
		86C4D7A77C340FC1462CA752 /* CozyKitties/Resources/Sprites/Cats/WhiteCat/White-Sit.png */ = {isa = PBXFileReference; lastKnownFileType = image.png; path = "CozyKitties/Resources/Sprites/Cats/WhiteCat/White-Sit.png"; sourceTree = SOURCE_ROOT; };
		8B6B588FF4217517980C1125 /* CozyKitties/Resources/Sprites/Cats/SiameseCat/Siamese-Sit.png */ = {isa = PBXFileReference; lastKnownFileType = image.png; path = "CozyKitties/Resources/Sprites/Cats/SiameseCat/Siamese-Sit.png"; sourceTree = SOURCE_ROOT; };
		8D337D0CB9601AC7A816537A /* backyard-night.png */ = {isa = PBXFileReference; includeInIndex = 1; lastKnownFileType = image.png; path = "backyard-night.png"; sourceTree = "<group>"; };
		8F99F5369805F3DFF6BBADD2 /* backyard3.png */ = {isa = PBXFileReference; includeInIndex = 1; lastKnownFileType = image.png; path = backyard3.png; sourceTree = "<group>"; };
		91BA8D219D128346847FEC39 /* CozyKitties/Resources/Sprites/Cats/BrownCat/Brown-Pounce.png */ = {isa = PBXFileReference; lastKnownFileType = image.png; path = "CozyKitties/Resources/Sprites/Cats/BrownCat/Brown-Pounce.png"; sourceTree = SOURCE_ROOT; };
		958C69C339A93F6B94A0942C /* CozyKitties/Resources/Sprites/Cats/CalicoCat/Calico-Sit.png */ = {isa = PBXFileReference; lastKnownFileType = image.png; path = "CozyKitties/Resources/Sprites/Cats/CalicoCat/Calico-Sit.png"; sourceTree = SOURCE_ROOT; };
		964A6AD01D208AC5CCB46B41 /* CozyKitties/Resources/Sprites/Cats/BrownCat/Brown-Sit.png */ = {isa = PBXFileReference; lastKnownFileType = image.png; path = "CozyKitties/Resources/Sprites/Cats/BrownCat/Brown-Sit.png"; sourceTree = SOURCE_ROOT; };
		A1B2C3D400000010 /* CozyKitties.app */ = {isa = PBXFileReference; explicitFileType = wrapper.application; includeInIndex = 0; path = CozyKitties.app; sourceTree = BUILT_PRODUCTS_DIR; };
		A1B2C3D400000011 /* CozyKittiesApp.swift */ = {isa = PBXFileReference; lastKnownFileType = sourcecode.swift; path = CozyKittiesApp.swift; sourceTree = "<group>"; };
		A1B2C3D400000012 /* ContentView.swift */ = {isa = PBXFileReference; lastKnownFileType = sourcecode.swift; path = ContentView.swift; sourceTree = "<group>"; };
		A1B2C3D400000013 /* Assets.xcassets */ = {isa = PBXFileReference; lastKnownFileType = folder.assetcatalog; path = Assets.xcassets; sourceTree = "<group>"; };
		A1B2C3D400000014 /* CozyKitties.entitlements */ = {isa = PBXFileReference; lastKnownFileType = text.plist.entitlements; path = CozyKitties.entitlements; sourceTree = "<group>"; };
		A1B2C3D400000015 /* Info.plist */ = {isa = PBXFileReference; lastKnownFileType = text.plist.xml; path = Info.plist; sourceTree = "<group>"; };
		AA259501C20400AF551EC2F4 /* CozyKitties/Resources/Sprites/Cats/BrownCat/Brown-Idle.png */ = {isa = PBXFileReference; lastKnownFileType = image.png; path = "CozyKitties/Resources/Sprites/Cats/BrownCat/Brown-Idle.png"; sourceTree = SOURCE_ROOT; };
		B1000011 /* DesignTokens.swift */ = {isa = PBXFileReference; lastKnownFileType = sourcecode.swift; path = DesignTokens.swift; sourceTree = "<group>"; };
		B1000012 /* GameState.swift */ = {isa = PBXFileReference; lastKnownFileType = sourcecode.swift; path = GameState.swift; sourceTree = "<group>"; };
		B1000013 /* Plant.swift */ = {isa = PBXFileReference; lastKnownFileType = sourcecode.swift; path = Plant.swift; sourceTree = "<group>"; };
		B1000014 /* WeatherState.swift */ = {isa = PBXFileReference; lastKnownFileType = sourcecode.swift; path = WeatherState.swift; sourceTree = "<group>"; };
		B1000015 /* CatDefinition.swift */ = {isa = PBXFileReference; lastKnownFileType = sourcecode.swift; path = CatDefinition.swift; sourceTree = "<group>"; };
		B1000016 /* HealthKitServiceProtocol.swift */ = {isa = PBXFileReference; lastKnownFileType = sourcecode.swift; path = HealthKitServiceProtocol.swift; sourceTree = "<group>"; };
		B1000017 /* HealthKitService.swift */ = {isa = PBXFileReference; lastKnownFileType = sourcecode.swift; path = HealthKitService.swift; sourceTree = "<group>"; };
		B1000018 /* GameStateService.swift */ = {isa = PBXFileReference; lastKnownFileType = sourcecode.swift; path = GameStateService.swift; sourceTree = "<group>"; };
		B1000019 /* AudioService.swift */ = {isa = PBXFileReference; lastKnownFileType = sourcecode.swift; path = AudioService.swift; sourceTree = "<group>"; };
		B100001A /* AssetRegistry.swift */ = {isa = PBXFileReference; lastKnownFileType = sourcecode.swift; path = AssetRegistry.swift; sourceTree = "<group>"; };
		B48E4C71FF390DAA48B60A9A /* Black-Pounce.png */ = {isa = PBXFileReference; includeInIndex = 1; lastKnownFileType = image.png; path = "Black-Pounce.png"; sourceTree = "<group>"; };
		B98335F37A00CA461199F533 /* CozyKitties/Resources/Sprites/Cats/OrangeTabby/OrangeTabby-Sit.png */ = {isa = PBXFileReference; lastKnownFileType = image.png; path = "CozyKitties/Resources/Sprites/Cats/OrangeTabby/OrangeTabby-Sit.png"; sourceTree = SOURCE_ROOT; };
		C1000011 /* ApartmentView.swift */ = {isa = PBXFileReference; lastKnownFileType = sourcecode.swift; path = ApartmentView.swift; sourceTree = "<group>"; };
		C1000012 /* CatView.swift */ = {isa = PBXFileReference; lastKnownFileType = sourcecode.swift; path = CatView.swift; sourceTree = "<group>"; };
		C1000013 /* PlantView.swift */ = {isa = PBXFileReference; lastKnownFileType = sourcecode.swift; path = PlantView.swift; sourceTree = "<group>"; };
		C1000014 /* WindowView.swift */ = {isa = PBXFileReference; lastKnownFileType = sourcecode.swift; path = WindowView.swift; sourceTree = "<group>"; };
		C1000015 /* CatCollectionView.swift */ = {isa = PBXFileReference; lastKnownFileType = sourcecode.swift; path = CatCollectionView.swift; sourceTree = "<group>"; };
		C1000016 /* ProgressDashboardView.swift */ = {isa = PBXFileReference; lastKnownFileType = sourcecode.swift; path = ProgressDashboardView.swift; sourceTree = "<group>"; };
		C1000017 /* OnboardingView.swift */ = {isa = PBXFileReference; lastKnownFileType = sourcecode.swift; path = OnboardingView.swift; sourceTree = "<group>"; };
		C1000018 /* SettingsView.swift */ = {isa = PBXFileReference; lastKnownFileType = sourcecode.swift; path = SettingsView.swift; sourceTree = "<group>"; };
		C1042519F48BFCB1FA643437 /* Black-Idle.png */ = {isa = PBXFileReference; includeInIndex = 1; lastKnownFileType = image.png; path = "Black-Idle.png"; sourceTree = "<group>"; };
		C388D66F183C59197F34BFE4 /* backyard2.png */ = {isa = PBXFileReference; includeInIndex = 1; lastKnownFileType = image.png; path = backyard2.png; sourceTree = "<group>"; };
		C8B8F6E5B040D513ABAA8EB6 /* CozyKitties/Resources/Sprites/Cats/TuxedoCat/Tuxedo-Pounce.png */ = {isa = PBXFileReference; lastKnownFileType = image.png; path = "CozyKitties/Resources/Sprites/Cats/TuxedoCat/Tuxedo-Pounce.png"; sourceTree = SOURCE_ROOT; };
		CF971D345DE29D6105A9F334 /* CozyKitties/Resources/Sprites/Cats/TuxedoCat/Tuxedo-Sit.png */ = {isa = PBXFileReference; lastKnownFileType = image.png; path = "CozyKitties/Resources/Sprites/Cats/TuxedoCat/Tuxedo-Sit.png"; sourceTree = SOURCE_ROOT; };
		D1000011 /* ASSETS.yaml */ = {isa = PBXFileReference; lastKnownFileType = text.yaml; path = ASSETS.yaml; sourceTree = "<group>"; };
		D1000012 /* SCENE_SPEC.yaml */ = {isa = PBXFileReference; lastKnownFileType = text.yaml; path = SCENE_SPEC.yaml; sourceTree = "<group>"; };
		D1000013 /* backyard.png */ = {isa = PBXFileReference; lastKnownFileType = image.png; path = backyard.png; sourceTree = "<group>"; };
		D353A916E4573503C43C3269 /* CatUnlockCelebration.swift */ = {isa = PBXFileReference; includeInIndex = 1; lastKnownFileType = sourcecode.swift; path = CatUnlockCelebration.swift; sourceTree = "<group>"; };
		D8FB8F79B010BB37592042B5 /* CozyKitties/Resources/Sprites/Cats/WhiteCat/White-Idle.png */ = {isa = PBXFileReference; lastKnownFileType = image.png; path = "CozyKitties/Resources/Sprites/Cats/WhiteCat/White-Idle.png"; sourceTree = SOURCE_ROOT; };
/* End PBXFileReference section */

/* Begin PBXFrameworksBuildPhase section */
		A1B2C3D400000020 /* Frameworks */ = {
			isa = PBXFrameworksBuildPhase;
			buildActionMask = 2147483647;
			files = (
			);
			runOnlyForDeploymentPostprocessing = 0;
		};
/* End PBXFrameworksBuildPhase section */

/* Begin PBXGroup section */
		8E398B63001305F6460EE71D /* BlackCat */ = {
			isa = PBXGroup;
			children = (
				7843F5C12137F1A8E32F31ED /* Black-Death.png */,
				3DEC49C03A48F44CFC160C1B /* Black-Eat.png */,
				3D8ACBE449CEDF71320F9A0A /* Black-Meow.png */,
				382DA79003B8D71076BC2E6C /* Black-Run.png */,
				598454246A8EDE6CC32F9409 /* Black-Sit.png */,
				B48E4C71FF390DAA48B60A9A /* Black-Pounce.png */,
				7D37A3AB2B9A973B5379F2D4 /* Black-Jump.png */,
				45AB20D983876FFBDD20562A /* Black-Hurt.png */,
				531B03861925318E62F78790 /* Black-Crouch.png */,
				43C9BF0D391EF7A09CE2D98D /* Black-Sleep.png */,
				0A8BF85EB9EF87E809EA8178 /* Black-Attack.png */,
				C1042519F48BFCB1FA643437 /* Black-Idle.png */,
			);
			path = BlackCat;
			sourceTree = "<group>";
		};
		A1B2C3D400000030 = {
			isa = PBXGroup;
			children = (
				A1B2C3D400000031 /* CozyKitties */,
				A1B2C3D400000032 /* Products */,
				B83CE86A2F5E5C8D00D6905F /* Recovered References */,
			);
			sourceTree = "<group>";
		};
		A1B2C3D400000031 /* CozyKitties */ = {
			isa = PBXGroup;
			children = (
				A1B2C3D400000011 /* CozyKittiesApp.swift */,
				A1B2C3D400000012 /* ContentView.swift */,
				B1000020 /* Design */,
				B1000021 /* Models */,
				B1000022 /* Services */,
				C1000020 /* Views */,
				D1000020 /* Resources */,
				A1B2C3D400000013 /* Assets.xcassets */,
				A1B2C3D400000014 /* CozyKitties.entitlements */,
				A1B2C3D400000015 /* Info.plist */,
			);
			path = CozyKitties;
			sourceTree = "<group>";
		};
		A1B2C3D400000032 /* Products */ = {
			isa = PBXGroup;
			children = (
				A1B2C3D400000010 /* CozyKitties.app */,
			);
			name = Products;
			sourceTree = "<group>";
		};
		B1000020 /* Design */ = {
			isa = PBXGroup;
			children = (
				B1000011 /* DesignTokens.swift */,
			);
			path = Design;
			sourceTree = "<group>";
		};
		B1000021 /* Models */ = {
			isa = PBXGroup;
			children = (
				B1000012 /* GameState.swift */,
				B1000013 /* Plant.swift */,
				B1000014 /* WeatherState.swift */,
				B1000015 /* CatDefinition.swift */,
			);
			path = Models;
			sourceTree = "<group>";
		};
		B1000022 /* Services */ = {
			isa = PBXGroup;
			children = (
				B1000016 /* HealthKitServiceProtocol.swift */,
				B1000017 /* HealthKitService.swift */,
				B1000018 /* GameStateService.swift */,
				B1000019 /* AudioService.swift */,
				B100001A /* AssetRegistry.swift */,
			);
			path = Services;
			sourceTree = "<group>";
		};
		B581EEE65680792FB7D75B10 /* Sprites */ = {
			isa = PBXGroup;
			children = (
				D8EC2D0EBE8DE6A59A4F6C58 /* Cats */,
			);
			path = Sprites;
			sourceTree = "<group>";
		};
		B83CE86A2F5E5C8D00D6905F /* Recovered References */ = {
			isa = PBXGroup;
			children = (
				350CABC1CBC998E073D2E9BD /* CozyKitties/Resources/Sprites/Cats/TuxedoCat/Tuxedo-Idle.png */,
				C8B8F6E5B040D513ABAA8EB6 /* CozyKitties/Resources/Sprites/Cats/TuxedoCat/Tuxedo-Pounce.png */,
				CF971D345DE29D6105A9F334 /* CozyKitties/Resources/Sprites/Cats/TuxedoCat/Tuxedo-Sit.png */,
				25A7CD4484BC05230CA84155 /* CozyKitties/Resources/Sprites/Cats/CalicoCat/Calico-Idle.png */,
				12AAF1B2136A336AD579141D /* CozyKitties/Resources/Sprites/Cats/CalicoCat/Calico-Pounce.png */,
				958C69C339A93F6B94A0942C /* CozyKitties/Resources/Sprites/Cats/CalicoCat/Calico-Sit.png */,
				8B6B588FF4217517980C1125 /* CozyKitties/Resources/Sprites/Cats/SiameseCat/Siamese-Sit.png */,
				7110138B0866DB9507E5A93C /* CozyKitties/Resources/Sprites/Cats/SiameseCat/Siamese-Pounce.png */,
				2B4F4653980959354E25D571 /* CozyKitties/Resources/Sprites/Cats/SiameseCat/Siamese-Idle.png */,
				86C4D7A77C340FC1462CA752 /* CozyKitties/Resources/Sprites/Cats/WhiteCat/White-Sit.png */,
				767977ABA7ECB2F97430B519 /* CozyKitties/Resources/Sprites/Cats/WhiteCat/White-Pounce.png */,
				D8FB8F79B010BB37592042B5 /* CozyKitties/Resources/Sprites/Cats/WhiteCat/White-Idle.png */,
				964A6AD01D208AC5CCB46B41 /* CozyKitties/Resources/Sprites/Cats/BrownCat/Brown-Sit.png */,
				91BA8D219D128346847FEC39 /* CozyKitties/Resources/Sprites/Cats/BrownCat/Brown-Pounce.png */,
				AA259501C20400AF551EC2F4 /* CozyKitties/Resources/Sprites/Cats/BrownCat/Brown-Idle.png */,
				03FF3E8D10B1BCE904BFD572 /* CozyKitties/Resources/Sprites/Cats/OrangeTabby/OrangeTabby-Idle.png */,
				16DF6541EAB3303BDA154659 /* CozyKitties/Resources/Sprites/Cats/OrangeTabby/OrangeTabby-Pounce.png */,
				B98335F37A00CA461199F533 /* CozyKitties/Resources/Sprites/Cats/OrangeTabby/OrangeTabby-Sit.png */,
			);
			name = "Recovered References";
			sourceTree = "<group>";
		};
		C1000020 /* Views */ = {
			isa = PBXGroup;
			children = (
				C1000021 /* Apartment */,
				C1000022 /* Collection */,
				C1000023 /* Progress */,
				C1000024 /* Onboarding */,
				C1000025 /* Settings */,
			);
			path = Views;
			sourceTree = "<group>";
		};
		C1000021 /* Apartment */ = {
			isa = PBXGroup;
			children = (
				C1000011 /* ApartmentView.swift */,
				C1000012 /* CatView.swift */,
				D353A916E4573503C43C3269 /* CatUnlockCelebration.swift */,
				C1000013 /* PlantView.swift */,
				C1000014 /* WindowView.swift */,
			);
			path = Apartment;
			sourceTree = "<group>";
		};
		C1000022 /* Collection */ = {
			isa = PBXGroup;
			children = (
				C1000015 /* CatCollectionView.swift */,
			);
			path = Collection;
			sourceTree = "<group>";
		};
		C1000023 /* Progress */ = {
			isa = PBXGroup;
			children = (
				C1000016 /* ProgressDashboardView.swift */,
			);
			path = Progress;
			sourceTree = "<group>";
		};
		C1000024 /* Onboarding */ = {
			isa = PBXGroup;
			children = (
				C1000017 /* OnboardingView.swift */,
			);
			path = Onboarding;
			sourceTree = "<group>";
		};
		C1000025 /* Settings */ = {
			isa = PBXGroup;
			children = (
				C1000018 /* SettingsView.swift */,
			);
			path = Settings;
			sourceTree = "<group>";
		};
		D1000020 /* Resources */ = {
			isa = PBXGroup;
			children = (
				D1000011 /* ASSETS.yaml */,
				D1000012 /* SCENE_SPEC.yaml */,
				D1000021 /* Scenes */,
				B581EEE65680792FB7D75B10 /* Sprites */,
			);
			path = Resources;
			sourceTree = "<group>";
		};
		D1000021 /* Scenes */ = {
			isa = PBXGroup;
			children = (
				D1000013 /* backyard.png */,
				C388D66F183C59197F34BFE4 /* backyard2.png */,
				8F99F5369805F3DFF6BBADD2 /* backyard3.png */,
				681E000ADD3D031D58B96AD7 /* background.png */,
				8D337D0CB9601AC7A816537A /* backyard-night.png */,
				1F3873EA7D5C609BCEC7843F /* backyard-day.png */,
			);
			path = Scenes;
			sourceTree = "<group>";
		};
		D8EC2D0EBE8DE6A59A4F6C58 /* Cats */ = {
			isa = PBXGroup;
			children = (
				8E398B63001305F6460EE71D /* BlackCat */,
			);
			path = Cats;
			sourceTree = "<group>";
		};
/* End PBXGroup section */

/* Begin PBXNativeTarget section */
		A1B2C3D400000040 /* CozyKitties */ = {
			isa = PBXNativeTarget;
			buildConfigurationList = A1B2C3D400000060 /* Build configuration list for PBXNativeTarget "CozyKitties" */;
			buildPhases = (
				A1B2C3D400000041 /* Sources */,
				A1B2C3D400000020 /* Frameworks */,
				A1B2C3D400000042 /* Resources */,
			);
			buildRules = (
			);
			dependencies = (
			);
			name = CozyKitties;
			productName = CozyKitties;
			productReference = A1B2C3D400000010 /* CozyKitties.app */;
			productType = "com.apple.product-type.application";
		};
/* End PBXNativeTarget section */

/* Begin PBXProject section */
		A1B2C3D400000050 /* Project object */ = {
			isa = PBXProject;
			attributes = {
				BuildIndependentTargetsInParallel = 1;
				LastSwiftUpdateCheck = 1500;
				LastUpgradeCheck = 1500;
				TargetAttributes = {
					A1B2C3D400000040 = {
						CreatedOnToolsVersion = 15.0;
					};
				};
			};
			buildConfigurationList = A1B2C3D400000051 /* Build configuration list for PBXProject "CozyKitties" */;
			compatibilityVersion = "Xcode 14.0";
			developmentRegion = en;
			hasScannedForEncodings = 0;
			knownRegions = (
				en,
				Base,
			);
			mainGroup = A1B2C3D400000030;
			productRefGroup = A1B2C3D400000032 /* Products */;
			projectDirPath = "";
			projectRoot = "";
			targets = (
				A1B2C3D400000040 /* CozyKitties */,
			);
		};
/* End PBXProject section */

/* Begin PBXResourcesBuildPhase section */
		A1B2C3D400000042 /* Resources */ = {
			isa = PBXResourcesBuildPhase;
			buildActionMask = 2147483647;
			files = (
				C8AC613B675A167C6E5AB9CE /* CozyKitties/Resources/Sprites/Cats/TuxedoCat/Tuxedo-Idle.png in Resources */,
				0F96A2B1D49D09AB8B869A38 /* CozyKitties/Resources/Sprites/Cats/TuxedoCat/Tuxedo-Pounce.png in Resources */,
				8C09F6053E66F21ADFBAF6BC /* CozyKitties/Resources/Sprites/Cats/TuxedoCat/Tuxedo-Sit.png in Resources */,
				74E9E49A2F18612C5DC1468B /* CozyKitties/Resources/Sprites/Cats/CalicoCat/Calico-Idle.png in Resources */,
				39A1804C60585CCD7CEDA0A1 /* CozyKitties/Resources/Sprites/Cats/CalicoCat/Calico-Pounce.png in Resources */,
				E68197B5E5984B3526014A58 /* CozyKitties/Resources/Sprites/Cats/CalicoCat/Calico-Sit.png in Resources */,
				A1B2C3D400000003 /* Assets.xcassets in Resources */,
				D1000001 /* ASSETS.yaml in Resources */,
				D1000002 /* SCENE_SPEC.yaml in Resources */,
				D1000003 /* backyard.png in Resources */,
				F9A27B5FF0C76774ABABF89E /* Black-Death.png in Resources */,
				ABFAB330682D966CCDE8C80D /* Black-Eat.png in Resources */,
				BABCE5ED1E0C7CF889143C9B /* Black-Meow.png in Resources */,
				4B2ED2F4BD56B502E27DED6A /* Black-Run.png in Resources */,
				A1B69A67D55FE14B2530FE16 /* Black-Sit.png in Resources */,
				8DD24272C4025128CA868324 /* Black-Pounce.png in Resources */,
				DCB9764D41D810EBD3E997EA /* Black-Jump.png in Resources */,
				774AE11D88A65420775F608B /* Black-Hurt.png in Resources */,
				02C40E6B37ED13260127074D /* Black-Crouch.png in Resources */,
				139C030CDD7ACD95456942C4 /* Black-Sleep.png in Resources */,
				DE54E7613F624D22671865E4 /* Black-Attack.png in Resources */,
				F32814DB58FA6FD9FDF65586 /* Black-Idle.png in Resources */,
				95F060EEADD93706A06DF97A /* CozyKitties/Resources/Sprites/Cats/SiameseCat/Siamese-Sit.png in Resources */,
				277D80D016081BC42C61F981 /* CozyKitties/Resources/Sprites/Cats/SiameseCat/Siamese-Pounce.png in Resources */,
				6F5DF4E7441473B214936780 /* CozyKitties/Resources/Sprites/Cats/SiameseCat/Siamese-Idle.png in Resources */,
				83D031003EF85D22AE0CE642 /* CozyKitties/Resources/Sprites/Cats/WhiteCat/White-Sit.png in Resources */,
				2919B164DBA3D85DEEE05222 /* CozyKitties/Resources/Sprites/Cats/WhiteCat/White-Pounce.png in Resources */,
				5B38CB23FF94DB5BB088339B /* CozyKitties/Resources/Sprites/Cats/WhiteCat/White-Idle.png in Resources */,
				406B5623120D83F0C7D49D8F /* CozyKitties/Resources/Sprites/Cats/BrownCat/Brown-Sit.png in Resources */,
				C6408A20CA013303DF0372BA /* CozyKitties/Resources/Sprites/Cats/BrownCat/Brown-Pounce.png in Resources */,
				76763738DCF59D3D4CD887D7 /* CozyKitties/Resources/Sprites/Cats/BrownCat/Brown-Idle.png in Resources */,
				1696DA369100217E7AAAC826 /* CozyKitties/Resources/Sprites/Cats/OrangeTabby/OrangeTabby-Idle.png in Resources */,
				EB67996E32C1DD4B0B080DD5 /* CozyKitties/Resources/Sprites/Cats/OrangeTabby/OrangeTabby-Pounce.png in Resources */,
				C606F0D3A69CC4C858BD864C /* CozyKitties/Resources/Sprites/Cats/OrangeTabby/OrangeTabby-Sit.png in Resources */,
				EAC28520577836AADDFEEB69 /* backyard2.png in Resources */,
				B7D93B8386294E5B4BBB554A /* backyard3.png in Resources */,
				46661D68EF9D41E0F09589B2 /* background.png in Resources */,
				EBB0BF5BBE324B98108051C3 /* backyard-night.png in Resources */,
				C6737D257D015FF1E087FB56 /* backyard-day.png in Resources */,
			);
			runOnlyForDeploymentPostprocessing = 0;
		};
/* End PBXResourcesBuildPhase section */

/* Begin PBXSourcesBuildPhase section */
		A1B2C3D400000041 /* Sources */ = {
			isa = PBXSourcesBuildPhase;
			buildActionMask = 2147483647;
			files = (
				A1B2C3D400000001 /* CozyKittiesApp.swift in Sources */,
				A1B2C3D400000002 /* ContentView.swift in Sources */,
				B1000001 /* DesignTokens.swift in Sources */,
				B1000002 /* GameState.swift in Sources */,
				B1000003 /* Plant.swift in Sources */,
				B1000004 /* WeatherState.swift in Sources */,
				B1000005 /* CatDefinition.swift in Sources */,
				B1000006 /* HealthKitServiceProtocol.swift in Sources */,
				B1000007 /* HealthKitService.swift in Sources */,
				B1000008 /* GameStateService.swift in Sources */,
				B1000009 /* AudioService.swift in Sources */,
				B100000A /* AssetRegistry.swift in Sources */,
				C1000001 /* ApartmentView.swift in Sources */,
				C1000002 /* CatView.swift in Sources */,
				9F20210C81A169281D84705D /* CatUnlockCelebration.swift in Sources */,
				C1000003 /* PlantView.swift in Sources */,
				C1000004 /* WindowView.swift in Sources */,
				C1000005 /* CatCollectionView.swift in Sources */,
				C1000006 /* ProgressDashboardView.swift in Sources */,
				C1000007 /* OnboardingView.swift in Sources */,
				C1000008 /* SettingsView.swift in Sources */,
			);
			runOnlyForDeploymentPostprocessing = 0;
		};
/* End PBXSourcesBuildPhase section */

/* Begin XCBuildConfiguration section */
		A1B2C3D400000052 /* Debug */ = {
			isa = XCBuildConfiguration;
			buildSettings = {
				ALWAYS_SEARCH_USER_PATHS = NO;
				ASSETCATALOG_COMPILER_GENERATE_SWIFT_ASSET_SYMBOL_EXTENSIONS = YES;
				CLANG_ANALYZER_NONNULL = YES;
				CLANG_ANALYZER_NUMBER_OBJECT_CONVERSION = YES_AGGRESSIVE;
				CLANG_CXX_LANGUAGE_STANDARD = "gnu++20";
				CLANG_ENABLE_MODULES = YES;
				CLANG_ENABLE_OBJC_ARC = YES;
				CLANG_ENABLE_OBJC_WEAK = YES;
				CLANG_WARN_BLOCK_CAPTURE_AUTORELEASING = YES;
				CLANG_WARN_BOOL_CONVERSION = YES;
				CLANG_WARN_COMMA = YES;
				CLANG_WARN_CONSTANT_CONVERSION = YES;
				CLANG_WARN_DEPRECATED_OBJC_IMPLEMENTATIONS = YES;
				CLANG_WARN_DIRECT_OBJC_ISA_USAGE = YES_ERROR;
				CLANG_WARN_DOCUMENTATION_COMMENTS = YES;
				CLANG_WARN_EMPTY_BODY = YES;
				CLANG_WARN_ENUM_CONVERSION = YES;
				CLANG_WARN_INFINITE_RECURSION = YES;
				CLANG_WARN_INT_CONVERSION = YES;
				CLANG_WARN_NON_LITERAL_NULL_CONVERSION = YES;
				CLANG_WARN_OBJC_IMPLICIT_RETAIN_SELF = YES;
				CLANG_WARN_OBJC_LITERAL_CONVERSION = YES;
				CLANG_WARN_OBJC_ROOT_CLASS = YES_ERROR;
				CLANG_WARN_QUOTED_INCLUDE_IN_FRAMEWORK_HEADER = YES;
				CLANG_WARN_RANGE_LOOP_ANALYSIS = YES;
				CLANG_WARN_STRICT_PROTOTYPES = YES;
				CLANG_WARN_SUSPICIOUS_MOVE = YES;
				CLANG_WARN_UNGUARDED_AVAILABILITY = YES_AGGRESSIVE;
				CLANG_WARN_UNREACHABLE_CODE = YES;
				CLANG_WARN__DUPLICATE_METHOD_MATCH = YES;
				COPY_PHASE_STRIP = NO;
				DEBUG_INFORMATION_FORMAT = dwarf;
				ENABLE_STRICT_OBJC_MSGSEND = YES;
				ENABLE_TESTABILITY = YES;
				ENABLE_USER_SCRIPT_SANDBOXING = YES;
				GCC_C_LANGUAGE_STANDARD = gnu17;
				GCC_DYNAMIC_NO_PIC = NO;
				GCC_NO_COMMON_BLOCKS = YES;
				GCC_OPTIMIZATION_LEVEL = 0;
				GCC_PREPROCESSOR_DEFINITIONS = (
					"DEBUG=1",
					"$(inherited)",
				);
				GCC_WARN_64_TO_32_BIT_CONVERSION = YES;
				GCC_WARN_ABOUT_RETURN_TYPE = YES_ERROR;
				GCC_WARN_UNDECLARED_SELECTOR = YES;
				GCC_WARN_UNINITIALIZED_AUTOS = YES_AGGRESSIVE;
				GCC_WARN_UNUSED_FUNCTION = YES;
				GCC_WARN_UNUSED_VARIABLE = YES;
				IPHONEOS_DEPLOYMENT_TARGET = 18.0;
				LOCALIZATION_PREFERS_STRING_CATALOGS = YES;
				MTL_ENABLE_DEBUG_INFO = INCLUDE_SOURCE;
				MTL_FAST_MATH = YES;
				ONLY_ACTIVE_ARCH = YES;
				SDKROOT = iphoneos;
				SWIFT_ACTIVE_COMPILATION_CONDITIONS = "DEBUG $(inherited)";
				SWIFT_OPTIMIZATION_LEVEL = "-Onone";
			};
			name = Debug;
		};
		A1B2C3D400000053 /* Release */ = {
			isa = XCBuildConfiguration;
			buildSettings = {
				ALWAYS_SEARCH_USER_PATHS = NO;
				ASSETCATALOG_COMPILER_GENERATE_SWIFT_ASSET_SYMBOL_EXTENSIONS = YES;
				CLANG_ANALYZER_NONNULL = YES;
				CLANG_ANALYZER_NUMBER_OBJECT_CONVERSION = YES_AGGRESSIVE;
				CLANG_CXX_LANGUAGE_STANDARD = "gnu++20";
				CLANG_ENABLE_MODULES = YES;
				CLANG_ENABLE_OBJC_ARC = YES;
				CLANG_ENABLE_OBJC_WEAK = YES;
				CLANG_WARN_BLOCK_CAPTURE_AUTORELEASING = YES;
				CLANG_WARN_BOOL_CONVERSION = YES;
				CLANG_WARN_COMMA = YES;
				CLANG_WARN_CONSTANT_CONVERSION = YES;
				CLANG_WARN_DEPRECATED_OBJC_IMPLEMENTATIONS = YES;
				CLANG_WARN_DIRECT_OBJC_ISA_USAGE = YES_ERROR;
				CLANG_WARN_DOCUMENTATION_COMMENTS = YES;
				CLANG_WARN_EMPTY_BODY = YES;
				CLANG_WARN_ENUM_CONVERSION = YES;
				CLANG_WARN_INFINITE_RECURSION = YES;
				CLANG_WARN_INT_CONVERSION = YES;
				CLANG_WARN_NON_LITERAL_NULL_CONVERSION = YES;
				CLANG_WARN_OBJC_IMPLICIT_RETAIN_SELF = YES;
				CLANG_WARN_OBJC_LITERAL_CONVERSION = YES;
				CLANG_WARN_OBJC_ROOT_CLASS = YES_ERROR;
				CLANG_WARN_QUOTED_INCLUDE_IN_FRAMEWORK_HEADER = YES;
				CLANG_WARN_RANGE_LOOP_ANALYSIS = YES;
				CLANG_WARN_STRICT_PROTOTYPES = YES;
				CLANG_WARN_SUSPICIOUS_MOVE = YES;
				CLANG_WARN_UNGUARDED_AVAILABILITY = YES_AGGRESSIVE;
				CLANG_WARN_UNREACHABLE_CODE = YES;
				CLANG_WARN__DUPLICATE_METHOD_MATCH = YES;
				COPY_PHASE_STRIP = NO;
				DEBUG_INFORMATION_FORMAT = "dwarf-with-dsym";
				ENABLE_NS_ASSERTIONS = NO;
				ENABLE_STRICT_OBJC_MSGSEND = YES;
				ENABLE_USER_SCRIPT_SANDBOXING = YES;
				GCC_C_LANGUAGE_STANDARD = gnu17;
				GCC_NO_COMMON_BLOCKS = YES;
				GCC_WARN_64_TO_32_BIT_CONVERSION = YES;
				GCC_WARN_ABOUT_RETURN_TYPE = YES_ERROR;
				GCC_WARN_UNDECLARED_SELECTOR = YES;
				GCC_WARN_UNINITIALIZED_AUTOS = YES_AGGRESSIVE;
				GCC_WARN_UNUSED_FUNCTION = YES;
				GCC_WARN_UNUSED_VARIABLE = YES;
				IPHONEOS_DEPLOYMENT_TARGET = 18.0;
				LOCALIZATION_PREFERS_STRING_CATALOGS = YES;
				MTL_ENABLE_DEBUG_INFO = NO;
				MTL_FAST_MATH = YES;
				SDKROOT = iphoneos;
				SWIFT_COMPILATION_MODE = wholemodule;
				VALIDATE_PRODUCT = YES;
			};
			name = Release;
		};
		A1B2C3D400000061 /* Debug */ = {
			isa = XCBuildConfiguration;
			buildSettings = {
				ASSETCATALOG_COMPILER_APPICON_NAME = AppIcon;
				ASSETCATALOG_COMPILER_GLOBAL_ACCENT_COLOR_NAME = AccentColor;
				CODE_SIGN_ENTITLEMENTS = CozyKitties/CozyKitties.entitlements;
				"CODE_SIGN_IDENTITY[sdk=iphoneos*]" = "iPhone Distribution";
				CODE_SIGN_STYLE = Manual;
				CURRENT_PROJECT_VERSION = 2;
				DEVELOPMENT_TEAM = "";
				"DEVELOPMENT_TEAM[sdk=iphoneos*]" = WY3GK4SM4P;
				ENABLE_PREVIEWS = YES;
				GENERATE_INFOPLIST_FILE = YES;
				INFOPLIST_FILE = CozyKitties/Info.plist;
				INFOPLIST_KEY_NSHealthShareUsageDescription = "CozyKitties needs access to your health data to track your wellness activities.";
				INFOPLIST_KEY_NSHealthUpdateUsageDescription = "CozyKitties needs permission to save health data from your activities.";
				INFOPLIST_KEY_UIApplicationSceneManifest_Generation = YES;
				INFOPLIST_KEY_UIApplicationSupportsIndirectInputEvents = YES;
				INFOPLIST_KEY_UISupportedInterfaceOrientations_iPad = "UIInterfaceOrientationPortrait UIInterfaceOrientationPortraitUpsideDown UIInterfaceOrientationLandscapeLeft UIInterfaceOrientationLandscapeRight";
				INFOPLIST_KEY_UISupportedInterfaceOrientations_iPhone = "UIInterfaceOrientationPortrait UIInterfaceOrientationLandscapeLeft UIInterfaceOrientationLandscapeRight";
				LD_RUNPATH_SEARCH_PATHS = (
					"$(inherited)",
					"@executable_path/Frameworks",
				);
				MARKETING_VERSION = 1.0;
				PRODUCT_BUNDLE_IDENTIFIER = com.kathrynstyons.cozykitties;
				PRODUCT_NAME = "$(TARGET_NAME)";
				PROVISIONING_PROFILE_SPECIFIER = "";
				"PROVISIONING_PROFILE_SPECIFIER[sdk=iphoneos*]" = "Cozy Kitties Healthy Habits";
				SWIFT_EMIT_LOC_STRINGS = YES;
				SWIFT_VERSION = 5.0;
				TARGETED_DEVICE_FAMILY = "1,2";
			};
			name = Debug;
		};
		A1B2C3D400000062 /* Release */ = {
			isa = XCBuildConfiguration;
			buildSettings = {
				ASSETCATALOG_COMPILER_APPICON_NAME = AppIcon;
				ASSETCATALOG_COMPILER_GLOBAL_ACCENT_COLOR_NAME = AccentColor;
				CODE_SIGN_ENTITLEMENTS = CozyKitties/CozyKitties.entitlements;
				"CODE_SIGN_IDENTITY[sdk=iphoneos*]" = "iPhone Distribution";
				CODE_SIGN_STYLE = Manual;
				CURRENT_PROJECT_VERSION = 2;
				DEVELOPMENT_TEAM = "";
				"DEVELOPMENT_TEAM[sdk=iphoneos*]" = WY3GK4SM4P;
				ENABLE_PREVIEWS = YES;
				GENERATE_INFOPLIST_FILE = YES;
				INFOPLIST_FILE = CozyKitties/Info.plist;
				INFOPLIST_KEY_NSHealthShareUsageDescription = "CozyKitties needs access to your health data to track your wellness activities.";
				INFOPLIST_KEY_NSHealthUpdateUsageDescription = "CozyKitties needs permission to save health data from your activities.";
				INFOPLIST_KEY_UIApplicationSceneManifest_Generation = YES;
				INFOPLIST_KEY_UIApplicationSupportsIndirectInputEvents = YES;
				INFOPLIST_KEY_UISupportedInterfaceOrientations_iPad = "UIInterfaceOrientationPortrait UIInterfaceOrientationPortraitUpsideDown UIInterfaceOrientationLandscapeLeft UIInterfaceOrientationLandscapeRight";
				INFOPLIST_KEY_UISupportedInterfaceOrientations_iPhone = "UIInterfaceOrientationPortrait UIInterfaceOrientationLandscapeLeft UIInterfaceOrientationLandscapeRight";
				LD_RUNPATH_SEARCH_PATHS = (
					"$(inherited)",
					"@executable_path/Frameworks",
				);
				MARKETING_VERSION = 1.0;
				PRODUCT_BUNDLE_IDENTIFIER = com.kathrynstyons.cozykitties;
				PRODUCT_NAME = "$(TARGET_NAME)";
				PROVISIONING_PROFILE_SPECIFIER = "";
				"PROVISIONING_PROFILE_SPECIFIER[sdk=iphoneos*]" = "Cozy Kitties Healthy Habits";
				SWIFT_EMIT_LOC_STRINGS = YES;
				SWIFT_VERSION = 5.0;
				TARGETED_DEVICE_FAMILY = "1,2";
			};
			name = Release;
		};
/* End XCBuildConfiguration section */

/* Begin XCConfigurationList section */
		A1B2C3D400000051 /* Build configuration list for PBXProject "CozyKitties" */ = {
			isa = XCConfigurationList;
			buildConfigurations = (
				A1B2C3D400000052 /* Debug */,
				A1B2C3D400000053 /* Release */,
			);
			defaultConfigurationIsVisible = 0;
			defaultConfigurationName = Release;
		};
		A1B2C3D400000060 /* Build configuration list for PBXNativeTarget "CozyKitties" */ = {
			isa = XCConfigurationList;
			buildConfigurations = (
				A1B2C3D400000061 /* Debug */,
				A1B2C3D400000062 /* Release */,
			);
			defaultConfigurationIsVisible = 0;
			defaultConfigurationName = Release;
		};
/* End XCConfigurationList section */
	};
	rootObject = A1B2C3D400000050 /* Project object */;
}
